// !$*UTF8*$!
{
	archiveVersion = 1;
	classes = {
	};
	objectVersion = 56;
	objects = {

/* Begin PBXBuildFile section */
		11F32F71EA7728EBC329882E /* Pods_IntelbrasProject.framework in Frameworks */ = {isa = PBXBuildFile; fileRef = 0FE701BA8206182C0D996DF9 /* Pods_IntelbrasProject.framework */; };
		71273FFC2A111244005686C0 /* Device.swift in Sources */ = {isa = PBXBuildFile; fileRef = 71273FFB2A111244005686C0 /* Device.swift */; };
		712740012A112B9A005686C0 /* DevicesDTO.swift in Sources */ = {isa = PBXBuildFile; fileRef = 712740002A112B9A005686C0 /* DevicesDTO.swift */; };
		712740042A115D39005686C0 /* FavoritesRepository.swift in Sources */ = {isa = PBXBuildFile; fileRef = 712740032A115D39005686C0 /* FavoritesRepository.swift */; };
		712740062A1168A0005686C0 /* FavoritesService.swift in Sources */ = {isa = PBXBuildFile; fileRef = 712740052A1168A0005686C0 /* FavoritesService.swift */; };
		7151B8422A0C6C2D00686D35 /* Colors.swift in Sources */ = {isa = PBXBuildFile; fileRef = 7151B8412A0C6C2D00686D35 /* Colors.swift */; };
		7151B84A2A0DC61E00686D35 /* Constants.swift in Sources */ = {isa = PBXBuildFile; fileRef = 7151B8492A0DC61E00686D35 /* Constants.swift */; };
		7151B84C2A0DC8BE00686D35 /* AlarmCentral.swift in Sources */ = {isa = PBXBuildFile; fileRef = 7151B84B2A0DC8BE00686D35 /* AlarmCentral.swift */; };
		7151B84E2A0DC9BC00686D35 /* VideoDevice.swift in Sources */ = {isa = PBXBuildFile; fileRef = 7151B84D2A0DC9BC00686D35 /* VideoDevice.swift */; };
		718818AC2A0C644300122885 /* AppDelegate.swift in Sources */ = {isa = PBXBuildFile; fileRef = 718818AB2A0C644300122885 /* AppDelegate.swift */; };
		718818AE2A0C644300122885 /* SceneDelegate.swift in Sources */ = {isa = PBXBuildFile; fileRef = 718818AD2A0C644300122885 /* SceneDelegate.swift */; };
		718818B02A0C644300122885 /* DevicesViewController.swift in Sources */ = {isa = PBXBuildFile; fileRef = 718818AF2A0C644300122885 /* DevicesViewController.swift */; };
		718818B32A0C644300122885 /* Main.storyboard in Resources */ = {isa = PBXBuildFile; fileRef = 718818B12A0C644300122885 /* Main.storyboard */; };
		718818B52A0C644400122885 /* Assets.xcassets in Resources */ = {isa = PBXBuildFile; fileRef = 718818B42A0C644400122885 /* Assets.xcassets */; };
		718818B82A0C644400122885 /* LaunchScreen.storyboard in Resources */ = {isa = PBXBuildFile; fileRef = 718818B62A0C644400122885 /* LaunchScreen.storyboard */; };
		71AF38432A118DB100368DA8 /* CreateDeviceViewController.swift in Sources */ = {isa = PBXBuildFile; fileRef = 71AF38422A118DB100368DA8 /* CreateDeviceViewController.swift */; };
		71C21AFF2A11968C00F6EA6F /* CreateDeviceViewModel.swift in Sources */ = {isa = PBXBuildFile; fileRef = 71C21AFE2A11968C00F6EA6F /* CreateDeviceViewModel.swift */; };
		71C21B012A1233FC00F6EA6F /* CreationVideoDeviceParameters.swift in Sources */ = {isa = PBXBuildFile; fileRef = 71C21B002A1233FC00F6EA6F /* CreationVideoDeviceParameters.swift */; };
		71C21B042A12427400F6EA6F /* ViewModelFactory.swift in Sources */ = {isa = PBXBuildFile; fileRef = 71C21B032A12427400F6EA6F /* ViewModelFactory.swift */; };
		71C21B542A12470C00F6EA6F /* IntelbrasProjectTests.swift in Sources */ = {isa = PBXBuildFile; fileRef = 71C21B532A12470C00F6EA6F /* IntelbrasProjectTests.swift */; };
		71C21B5C2A12479700F6EA6F /* InMemoryFavoriteRepositoryTests.swift in Sources */ = {isa = PBXBuildFile; fileRef = 71C21B5B2A12479700F6EA6F /* InMemoryFavoriteRepositoryTests.swift */; };
		71CD3C692A0E722200EC20AF /* R.generated.swift in Sources */ = {isa = PBXBuildFile; fileRef = 71CD3C682A0E722200EC20AF /* R.generated.swift */; };
		71CD3C6B2A10065000EC20AF /* DevicesViewModel.swift in Sources */ = {isa = PBXBuildFile; fileRef = 71CD3C6A2A10065000EC20AF /* DevicesViewModel.swift */; };
		71CD3C6F2A10072B00EC20AF /* DeviceCell.swift in Sources */ = {isa = PBXBuildFile; fileRef = 71CD3C6D2A10072B00EC20AF /* DeviceCell.swift */; };
		71CD3C702A10072B00EC20AF /* DeviceCell.xib in Resources */ = {isa = PBXBuildFile; fileRef = 71CD3C6E2A10072B00EC20AF /* DeviceCell.xib */; };
		71CD3C742A10791300EC20AF /* DeviceRepositoryProtocol.swift in Sources */ = {isa = PBXBuildFile; fileRef = 71CD3C732A10791300EC20AF /* DeviceRepositoryProtocol.swift */; };
		71CD3C762A10793500EC20AF /* DeviceRepository.swift in Sources */ = {isa = PBXBuildFile; fileRef = 71CD3C752A10793500EC20AF /* DeviceRepository.swift */; };
		71CD3C782A107A3D00EC20AF /* DeviceService.swift in Sources */ = {isa = PBXBuildFile; fileRef = 71CD3C772A107A3D00EC20AF /* DeviceService.swift */; };
/* End PBXBuildFile section */

/* Begin PBXContainerItemProxy section */
		71C21B552A12470C00F6EA6F /* PBXContainerItemProxy */ = {
			isa = PBXContainerItemProxy;
			containerPortal = 718818A02A0C644300122885 /* Project object */;
			proxyType = 1;
			remoteGlobalIDString = 718818A72A0C644300122885;
			remoteInfo = IntelbrasProject;
		};
/* End PBXContainerItemProxy section */

/* Begin PBXFileReference section */
		0FE701BA8206182C0D996DF9 /* Pods_IntelbrasProject.framework */ = {isa = PBXFileReference; explicitFileType = wrapper.framework; includeInIndex = 0; path = Pods_IntelbrasProject.framework; sourceTree = BUILT_PRODUCTS_DIR; };
		6EE86715FB834451E712EBA3 /* Pods-IntelbrasProject.release.xcconfig */ = {isa = PBXFileReference; includeInIndex = 1; lastKnownFileType = text.xcconfig; name = "Pods-IntelbrasProject.release.xcconfig"; path = "Target Support Files/Pods-IntelbrasProject/Pods-IntelbrasProject.release.xcconfig"; sourceTree = "<group>"; };
		71273FFB2A111244005686C0 /* Device.swift */ = {isa = PBXFileReference; fileEncoding = 4; lastKnownFileType = sourcecode.swift; path = Device.swift; sourceTree = "<group>"; };
		712740002A112B9A005686C0 /* DevicesDTO.swift */ = {isa = PBXFileReference; lastKnownFileType = sourcecode.swift; path = DevicesDTO.swift; sourceTree = "<group>"; };
		712740032A115D39005686C0 /* FavoritesRepository.swift */ = {isa = PBXFileReference; lastKnownFileType = sourcecode.swift; path = FavoritesRepository.swift; sourceTree = "<group>"; };
		712740052A1168A0005686C0 /* FavoritesService.swift */ = {isa = PBXFileReference; lastKnownFileType = sourcecode.swift; path = FavoritesService.swift; sourceTree = "<group>"; };
		7151B8412A0C6C2D00686D35 /* Colors.swift */ = {isa = PBXFileReference; fileEncoding = 4; lastKnownFileType = sourcecode.swift; path = Colors.swift; sourceTree = "<group>"; };
		7151B8492A0DC61E00686D35 /* Constants.swift */ = {isa = PBXFileReference; lastKnownFileType = sourcecode.swift; path = Constants.swift; sourceTree = "<group>"; };
		7151B84B2A0DC8BE00686D35 /* AlarmCentral.swift */ = {isa = PBXFileReference; lastKnownFileType = sourcecode.swift; path = AlarmCentral.swift; sourceTree = "<group>"; };
		7151B84D2A0DC9BC00686D35 /* VideoDevice.swift */ = {isa = PBXFileReference; lastKnownFileType = sourcecode.swift; path = VideoDevice.swift; sourceTree = "<group>"; };
		718818A82A0C644300122885 /* IntelbrasProject.app */ = {isa = PBXFileReference; explicitFileType = wrapper.application; includeInIndex = 0; path = IntelbrasProject.app; sourceTree = BUILT_PRODUCTS_DIR; };
		718818AB2A0C644300122885 /* AppDelegate.swift */ = {isa = PBXFileReference; lastKnownFileType = sourcecode.swift; path = AppDelegate.swift; sourceTree = "<group>"; };
		718818AD2A0C644300122885 /* SceneDelegate.swift */ = {isa = PBXFileReference; lastKnownFileType = sourcecode.swift; path = SceneDelegate.swift; sourceTree = "<group>"; };
		718818AF2A0C644300122885 /* DevicesViewController.swift */ = {isa = PBXFileReference; lastKnownFileType = sourcecode.swift; path = DevicesViewController.swift; sourceTree = "<group>"; };
		718818B22A0C644300122885 /* Base */ = {isa = PBXFileReference; lastKnownFileType = file.storyboard; name = Base; path = Base.lproj/Main.storyboard; sourceTree = "<group>"; };
		718818B42A0C644400122885 /* Assets.xcassets */ = {isa = PBXFileReference; lastKnownFileType = folder.assetcatalog; path = Assets.xcassets; sourceTree = "<group>"; };
		718818B72A0C644400122885 /* Base */ = {isa = PBXFileReference; lastKnownFileType = file.storyboard; name = Base; path = Base.lproj/LaunchScreen.storyboard; sourceTree = "<group>"; };
		718818B92A0C644400122885 /* Info.plist */ = {isa = PBXFileReference; lastKnownFileType = text.plist.xml; path = Info.plist; sourceTree = "<group>"; };
		71AF38422A118DB100368DA8 /* CreateDeviceViewController.swift */ = {isa = PBXFileReference; lastKnownFileType = sourcecode.swift; path = CreateDeviceViewController.swift; sourceTree = "<group>"; };
		71C21AFE2A11968C00F6EA6F /* CreateDeviceViewModel.swift */ = {isa = PBXFileReference; lastKnownFileType = sourcecode.swift; path = CreateDeviceViewModel.swift; sourceTree = "<group>"; };
		71C21B002A1233FC00F6EA6F /* CreationVideoDeviceParameters.swift */ = {isa = PBXFileReference; lastKnownFileType = sourcecode.swift; path = CreationVideoDeviceParameters.swift; sourceTree = "<group>"; };
		71C21B032A12427400F6EA6F /* ViewModelFactory.swift */ = {isa = PBXFileReference; lastKnownFileType = sourcecode.swift; path = ViewModelFactory.swift; sourceTree = "<group>"; };
		71C21B512A12470B00F6EA6F /* IntelbrasProjectTests.xctest */ = {isa = PBXFileReference; explicitFileType = wrapper.cfbundle; includeInIndex = 0; path = IntelbrasProjectTests.xctest; sourceTree = BUILT_PRODUCTS_DIR; };
		71C21B532A12470C00F6EA6F /* IntelbrasProjectTests.swift */ = {isa = PBXFileReference; lastKnownFileType = sourcecode.swift; path = IntelbrasProjectTests.swift; sourceTree = "<group>"; };
		71C21B5B2A12479700F6EA6F /* InMemoryFavoriteRepositoryTests.swift */ = {isa = PBXFileReference; lastKnownFileType = sourcecode.swift; path = InMemoryFavoriteRepositoryTests.swift; sourceTree = "<group>"; };
		71CD3C682A0E722200EC20AF /* R.generated.swift */ = {isa = PBXFileReference; fileEncoding = 4; lastKnownFileType = sourcecode.swift; path = R.generated.swift; sourceTree = "<group>"; };
		71CD3C6A2A10065000EC20AF /* DevicesViewModel.swift */ = {isa = PBXFileReference; lastKnownFileType = sourcecode.swift; path = DevicesViewModel.swift; sourceTree = "<group>"; };
		71CD3C6D2A10072B00EC20AF /* DeviceCell.swift */ = {isa = PBXFileReference; lastKnownFileType = sourcecode.swift; path = DeviceCell.swift; sourceTree = "<group>"; };
		71CD3C6E2A10072B00EC20AF /* DeviceCell.xib */ = {isa = PBXFileReference; lastKnownFileType = file.xib; path = DeviceCell.xib; sourceTree = "<group>"; };
		71CD3C732A10791300EC20AF /* DeviceRepositoryProtocol.swift */ = {isa = PBXFileReference; lastKnownFileType = sourcecode.swift; path = DeviceRepositoryProtocol.swift; sourceTree = "<group>"; };
		71CD3C752A10793500EC20AF /* DeviceRepository.swift */ = {isa = PBXFileReference; lastKnownFileType = sourcecode.swift; path = DeviceRepository.swift; sourceTree = "<group>"; };
		71CD3C772A107A3D00EC20AF /* DeviceService.swift */ = {isa = PBXFileReference; lastKnownFileType = sourcecode.swift; path = DeviceService.swift; sourceTree = "<group>"; };
		CD2E5E3797DEB828A8C49BD6 /* Pods-IntelbrasProject.debug.xcconfig */ = {isa = PBXFileReference; includeInIndex = 1; lastKnownFileType = text.xcconfig; name = "Pods-IntelbrasProject.debug.xcconfig"; path = "Target Support Files/Pods-IntelbrasProject/Pods-IntelbrasProject.debug.xcconfig"; sourceTree = "<group>"; };
/* End PBXFileReference section */

/* Begin PBXFrameworksBuildPhase section */
		718818A52A0C644300122885 /* Frameworks */ = {
			isa = PBXFrameworksBuildPhase;
			buildActionMask = 2147483647;
			files = (
				11F32F71EA7728EBC329882E /* Pods_IntelbrasProject.framework in Frameworks */,
			);
			runOnlyForDeploymentPostprocessing = 0;
		};
		71C21B4E2A12470B00F6EA6F /* Frameworks */ = {
			isa = PBXFrameworksBuildPhase;
			buildActionMask = 2147483647;
			files = (
			);
			runOnlyForDeploymentPostprocessing = 0;
		};
/* End PBXFrameworksBuildPhase section */

/* Begin PBXGroup section */
		2DD3FE6BED8D2547B06BBB3D /* Pods */ = {
			isa = PBXGroup;
			children = (
				CD2E5E3797DEB828A8C49BD6 /* Pods-IntelbrasProject.debug.xcconfig */,
				6EE86715FB834451E712EBA3 /* Pods-IntelbrasProject.release.xcconfig */,
			);
			path = Pods;
			sourceTree = "<group>";
		};
		712740022A115D0F005686C0 /* Storage */ = {
			isa = PBXGroup;
			children = (
				712740032A115D39005686C0 /* FavoritesRepository.swift */,
				712740052A1168A0005686C0 /* FavoritesService.swift */,
			);
			path = Storage;
			sourceTree = "<group>";
		};
		7151B8402A0C6C2D00686D35 /* Utils */ = {
			isa = PBXGroup;
			children = (
				71CD3C682A0E722200EC20AF /* R.generated.swift */,
				7151B8412A0C6C2D00686D35 /* Colors.swift */,
				7151B8492A0DC61E00686D35 /* Constants.swift */,
			);
			path = Utils;
			sourceTree = "<group>";
		};
		7151B8432A0DC52200686D35 /* API */ = {
			isa = PBXGroup;
			children = (
				71CD3C732A10791300EC20AF /* DeviceRepositoryProtocol.swift */,
				71CD3C752A10793500EC20AF /* DeviceRepository.swift */,
				71CD3C772A107A3D00EC20AF /* DeviceService.swift */,
				712740002A112B9A005686C0 /* DevicesDTO.swift */,
			);
			path = API;
			sourceTree = "<group>";
		};
		7151B8442A0DC53E00686D35 /* ViewModels */ = {
			isa = PBXGroup;
			children = (
				71CD3C6A2A10065000EC20AF /* DevicesViewModel.swift */,
				71C21AFE2A11968C00F6EA6F /* CreateDeviceViewModel.swift */,
			);
			path = ViewModels;
			sourceTree = "<group>";
		};
		7151B8452A0DC54F00686D35 /* ViewControllers */ = {
			isa = PBXGroup;
			children = (
				718818AF2A0C644300122885 /* DevicesViewController.swift */,
				71AF38422A118DB100368DA8 /* CreateDeviceViewController.swift */,
			);
			path = ViewControllers;
			sourceTree = "<group>";
		};
		7151B8462A0DC55E00686D35 /* Shared */ = {
			isa = PBXGroup;
			children = (
				718818B42A0C644400122885 /* Assets.xcassets */,
				718818B62A0C644400122885 /* LaunchScreen.storyboard */,
				718818AB2A0C644300122885 /* AppDelegate.swift */,
				718818AD2A0C644300122885 /* SceneDelegate.swift */,
			);
			path = Shared;
			sourceTree = "<group>";
		};
		7151B8472A0DC59D00686D35 /* Models */ = {
			isa = PBXGroup;
			children = (
				71273FFB2A111244005686C0 /* Device.swift */,
				7151B84B2A0DC8BE00686D35 /* AlarmCentral.swift */,
				7151B84D2A0DC9BC00686D35 /* VideoDevice.swift */,
				71C21B002A1233FC00F6EA6F /* CreationVideoDeviceParameters.swift */,
			);
			path = Models;
			sourceTree = "<group>";
		};
		7151B8482A0DC5BB00686D35 /* Views */ = {
			isa = PBXGroup;
			children = (
				718818B12A0C644300122885 /* Main.storyboard */,
			);
			path = Views;
			sourceTree = "<group>";
		};
		7188189F2A0C644300122885 = {
			isa = PBXGroup;
			children = (
				718818AA2A0C644300122885 /* IntelbrasProject */,
				71C21B522A12470B00F6EA6F /* IntelbrasProjectTests */,
				718818A92A0C644300122885 /* Products */,
				2DD3FE6BED8D2547B06BBB3D /* Pods */,
				CAA44958BC40512F16AA9410 /* Frameworks */,
			);
			sourceTree = "<group>";
		};
		718818A92A0C644300122885 /* Products */ = {
			isa = PBXGroup;
			children = (
				718818A82A0C644300122885 /* IntelbrasProject.app */,
				71C21B512A12470B00F6EA6F /* IntelbrasProjectTests.xctest */,
			);
			name = Products;
			sourceTree = "<group>";
		};
		718818AA2A0C644300122885 /* IntelbrasProject */ = {
			isa = PBXGroup;
			children = (
				71C21B022A12426600F6EA6F /* AppFactory */,
				712740022A115D0F005686C0 /* Storage */,
				7151B8432A0DC52200686D35 /* API */,
				7151B8472A0DC59D00686D35 /* Models */,
				7151B8482A0DC5BB00686D35 /* Views */,
				7151B8442A0DC53E00686D35 /* ViewModels */,
				7151B8452A0DC54F00686D35 /* ViewControllers */,
				71CD3C6C2A1006EC00EC20AF /* Components */,
				7151B8462A0DC55E00686D35 /* Shared */,
				7151B8402A0C6C2D00686D35 /* Utils */,
				718818B92A0C644400122885 /* Info.plist */,
			);
			path = IntelbrasProject;
			sourceTree = "<group>";
		};
		71C21B022A12426600F6EA6F /* AppFactory */ = {
			isa = PBXGroup;
			children = (
				71C21B032A12427400F6EA6F /* ViewModelFactory.swift */,
			);
			path = AppFactory;
			sourceTree = "<group>";
		};
		71C21B522A12470B00F6EA6F /* IntelbrasProjectTests */ = {
			isa = PBXGroup;
			children = (
				71C21B5A2A12477400F6EA6F /* Storage */,
				71C21B532A12470C00F6EA6F /* IntelbrasProjectTests.swift */,
			);
			path = IntelbrasProjectTests;
			sourceTree = "<group>";
		};
		71C21B5A2A12477400F6EA6F /* Storage */ = {
			isa = PBXGroup;
			children = (
				71C21B5B2A12479700F6EA6F /* InMemoryFavoriteRepositoryTests.swift */,
			);
			path = Storage;
			sourceTree = "<group>";
		};
		71CD3C6C2A1006EC00EC20AF /* Components */ = {
			isa = PBXGroup;
			children = (
				71CD3C6D2A10072B00EC20AF /* DeviceCell.swift */,
				71CD3C6E2A10072B00EC20AF /* DeviceCell.xib */,
			);
			path = Components;
			sourceTree = "<group>";
		};
		CAA44958BC40512F16AA9410 /* Frameworks */ = {
			isa = PBXGroup;
			children = (
				0FE701BA8206182C0D996DF9 /* Pods_IntelbrasProject.framework */,
			);
			name = Frameworks;
			sourceTree = "<group>";
		};
/* End PBXGroup section */

/* Begin PBXNativeTarget section */
		718818A72A0C644300122885 /* IntelbrasProject */ = {
			isa = PBXNativeTarget;
			buildConfigurationList = 718818BC2A0C644400122885 /* Build configuration list for PBXNativeTarget "IntelbrasProject" */;
			buildPhases = (
				5CF6E1CA962AAA5FF0DF3756 /* [CP] Check Pods Manifest.lock */,
				71178E6A2A0E6FC8006D9907 /* ShellScript */,
				718818A42A0C644300122885 /* Sources */,
				718818A52A0C644300122885 /* Frameworks */,
				718818A62A0C644300122885 /* Resources */,
				A1DA21B357D675A3B916AB7C /* [CP] Embed Pods Frameworks */,
			);
			buildRules = (
			);
			dependencies = (
			);
			name = IntelbrasProject;
			productName = IntelbrasProject;
			productReference = 718818A82A0C644300122885 /* IntelbrasProject.app */;
			productType = "com.apple.product-type.application";
		};
		71C21B502A12470B00F6EA6F /* IntelbrasProjectTests */ = {
			isa = PBXNativeTarget;
			buildConfigurationList = 71C21B572A12470C00F6EA6F /* Build configuration list for PBXNativeTarget "IntelbrasProjectTests" */;
			buildPhases = (
				71C21B4D2A12470B00F6EA6F /* Sources */,
				71C21B4E2A12470B00F6EA6F /* Frameworks */,
				71C21B4F2A12470B00F6EA6F /* Resources */,
			);
			buildRules = (
			);
			dependencies = (
				71C21B562A12470C00F6EA6F /* PBXTargetDependency */,
			);
			name = IntelbrasProjectTests;
			productName = IntelbrasProjectTests;
			productReference = 71C21B512A12470B00F6EA6F /* IntelbrasProjectTests.xctest */;
			productType = "com.apple.product-type.bundle.unit-test";
		};
/* End PBXNativeTarget section */

/* Begin PBXProject section */
		718818A02A0C644300122885 /* Project object */ = {
			isa = PBXProject;
			attributes = {
				BuildIndependentTargetsInParallel = 1;
				LastSwiftUpdateCheck = 1430;
				LastUpgradeCheck = 1430;
				TargetAttributes = {
					718818A72A0C644300122885 = {
						CreatedOnToolsVersion = 14.3;
					};
					71C21B502A12470B00F6EA6F = {
						CreatedOnToolsVersion = 14.3;
						TestTargetID = 718818A72A0C644300122885;
					};
				};
			};
			buildConfigurationList = 718818A32A0C644300122885 /* Build configuration list for PBXProject "IntelbrasProject" */;
			compatibilityVersion = "Xcode 14.0";
			developmentRegion = en;
			hasScannedForEncodings = 0;
			knownRegions = (
				en,
				Base,
			);
			mainGroup = 7188189F2A0C644300122885;
			productRefGroup = 718818A92A0C644300122885 /* Products */;
			projectDirPath = "";
			projectRoot = "";
			targets = (
				718818A72A0C644300122885 /* IntelbrasProject */,
				71C21B502A12470B00F6EA6F /* IntelbrasProjectTests */,
			);
		};
/* End PBXProject section */

/* Begin PBXResourcesBuildPhase section */
		718818A62A0C644300122885 /* Resources */ = {
			isa = PBXResourcesBuildPhase;
			buildActionMask = 2147483647;
			files = (
				718818B82A0C644400122885 /* LaunchScreen.storyboard in Resources */,
				718818B52A0C644400122885 /* Assets.xcassets in Resources */,
				718818B32A0C644300122885 /* Main.storyboard in Resources */,
				71CD3C702A10072B00EC20AF /* DeviceCell.xib in Resources */,
			);
			runOnlyForDeploymentPostprocessing = 0;
		};
		71C21B4F2A12470B00F6EA6F /* Resources */ = {
			isa = PBXResourcesBuildPhase;
			buildActionMask = 2147483647;
			files = (
			);
			runOnlyForDeploymentPostprocessing = 0;
		};
/* End PBXResourcesBuildPhase section */

/* Begin PBXShellScriptBuildPhase section */
		5CF6E1CA962AAA5FF0DF3756 /* [CP] Check Pods Manifest.lock */ = {
			isa = PBXShellScriptBuildPhase;
			buildActionMask = 2147483647;
			files = (
			);
			inputFileListPaths = (
			);
			inputPaths = (
				"${PODS_PODFILE_DIR_PATH}/Podfile.lock",
				"${PODS_ROOT}/Manifest.lock",
			);
			name = "[CP] Check Pods Manifest.lock";
			outputFileListPaths = (
			);
			outputPaths = (
				"$(DERIVED_FILE_DIR)/Pods-IntelbrasProject-checkManifestLockResult.txt",
			);
			runOnlyForDeploymentPostprocessing = 0;
			shellPath = /bin/sh;
			shellScript = "diff \"${PODS_PODFILE_DIR_PATH}/Podfile.lock\" \"${PODS_ROOT}/Manifest.lock\" > /dev/null\nif [ $? != 0 ] ; then\n    # print error to STDERR\n    echo \"error: The sandbox is not in sync with the Podfile.lock. Run 'pod install' or update your CocoaPods installation.\" >&2\n    exit 1\nfi\n# This output is used by Xcode 'outputs' to avoid re-running this script phase.\necho \"SUCCESS\" > \"${SCRIPT_OUTPUT_FILE_0}\"\n";
			showEnvVarsInLog = 0;
		};
		71178E6A2A0E6FC8006D9907 /* ShellScript */ = {
			isa = PBXShellScriptBuildPhase;
			alwaysOutOfDate = 1;
			buildActionMask = 2147483647;
			files = (
			);
			inputFileListPaths = (
			);
			inputPaths = (
			);
			outputFileListPaths = (
			);
			outputPaths = (
				$SRCROOT/R.generated.swift,
			);
			runOnlyForDeploymentPostprocessing = 0;
			shellPath = /bin/sh;
			shellScript = "\"$PODS_ROOT/R.swift/rswift\" generate \"$SRCROOT/R.generated.swift\"\n";
		};
		A1DA21B357D675A3B916AB7C /* [CP] Embed Pods Frameworks */ = {
			isa = PBXShellScriptBuildPhase;
			buildActionMask = 2147483647;
			files = (
			);
			inputFileListPaths = (
				"${PODS_ROOT}/Target Support Files/Pods-IntelbrasProject/Pods-IntelbrasProject-frameworks-${CONFIGURATION}-input-files.xcfilelist",
			);
			name = "[CP] Embed Pods Frameworks";
			outputFileListPaths = (
				"${PODS_ROOT}/Target Support Files/Pods-IntelbrasProject/Pods-IntelbrasProject-frameworks-${CONFIGURATION}-output-files.xcfilelist",
			);
			runOnlyForDeploymentPostprocessing = 0;
			shellPath = /bin/sh;
			shellScript = "\"${PODS_ROOT}/Target Support Files/Pods-IntelbrasProject/Pods-IntelbrasProject-frameworks.sh\"\n";
			showEnvVarsInLog = 0;
		};
/* End PBXShellScriptBuildPhase section */

/* Begin PBXSourcesBuildPhase section */
		718818A42A0C644300122885 /* Sources */ = {
			isa = PBXSourcesBuildPhase;
			buildActionMask = 2147483647;
			files = (
				71CD3C6B2A10065000EC20AF /* DevicesViewModel.swift in Sources */,
				7151B84E2A0DC9BC00686D35 /* VideoDevice.swift in Sources */,
				71AF38432A118DB100368DA8 /* CreateDeviceViewController.swift in Sources */,
				7151B84A2A0DC61E00686D35 /* Constants.swift in Sources */,
				71CD3C762A10793500EC20AF /* DeviceRepository.swift in Sources */,
				71C21B012A1233FC00F6EA6F /* CreationVideoDeviceParameters.swift in Sources */,
				71CD3C692A0E722200EC20AF /* R.generated.swift in Sources */,
				712740062A1168A0005686C0 /* FavoritesService.swift in Sources */,
				718818B02A0C644300122885 /* DevicesViewController.swift in Sources */,
				71273FFC2A111244005686C0 /* Device.swift in Sources */,
				7151B8422A0C6C2D00686D35 /* Colors.swift in Sources */,
				71C21AFF2A11968C00F6EA6F /* CreateDeviceViewModel.swift in Sources */,
				71C21B042A12427400F6EA6F /* ViewModelFactory.swift in Sources */,
				71CD3C782A107A3D00EC20AF /* DeviceService.swift in Sources */,
				718818AC2A0C644300122885 /* AppDelegate.swift in Sources */,
				712740042A115D39005686C0 /* FavoritesRepository.swift in Sources */,
				718818AE2A0C644300122885 /* SceneDelegate.swift in Sources */,
				71CD3C6F2A10072B00EC20AF /* DeviceCell.swift in Sources */,
				7151B84C2A0DC8BE00686D35 /* AlarmCentral.swift in Sources */,
				71CD3C742A10791300EC20AF /* DeviceRepositoryProtocol.swift in Sources */,
				712740012A112B9A005686C0 /* DevicesDTO.swift in Sources */,
			);
			runOnlyForDeploymentPostprocessing = 0;
		};
		71C21B4D2A12470B00F6EA6F /* Sources */ = {
			isa = PBXSourcesBuildPhase;
			buildActionMask = 2147483647;
			files = (
				71C21B542A12470C00F6EA6F /* IntelbrasProjectTests.swift in Sources */,
				71C21B5C2A12479700F6EA6F /* InMemoryFavoriteRepositoryTests.swift in Sources */,
			);
			runOnlyForDeploymentPostprocessing = 0;
		};
/* End PBXSourcesBuildPhase section */

/* Begin PBXTargetDependency section */
		71C21B562A12470C00F6EA6F /* PBXTargetDependency */ = {
			isa = PBXTargetDependency;
			target = 718818A72A0C644300122885 /* IntelbrasProject */;
			targetProxy = 71C21B552A12470C00F6EA6F /* PBXContainerItemProxy */;
		};
/* End PBXTargetDependency section */

/* Begin PBXVariantGroup section */
		718818B12A0C644300122885 /* Main.storyboard */ = {
			isa = PBXVariantGroup;
			children = (
				718818B22A0C644300122885 /* Base */,
			);
			name = Main.storyboard;
			sourceTree = "<group>";
		};
		718818B62A0C644400122885 /* LaunchScreen.storyboard */ = {
			isa = PBXVariantGroup;
			children = (
				718818B72A0C644400122885 /* Base */,
			);
			name = LaunchScreen.storyboard;
			sourceTree = "<group>";
		};
/* End PBXVariantGroup section */

/* Begin XCBuildConfiguration section */
		718818BA2A0C644400122885 /* Debug */ = {
			isa = XCBuildConfiguration;
			buildSettings = {
				ALWAYS_SEARCH_USER_PATHS = NO;
				CLANG_ANALYZER_NONNULL = YES;
				CLANG_ANALYZER_NUMBER_OBJECT_CONVERSION = YES_AGGRESSIVE;
				CLANG_CXX_LANGUAGE_STANDARD = "gnu++20";
				CLANG_ENABLE_MODULES = YES;
				CLANG_ENABLE_OBJC_ARC = YES;
				CLANG_ENABLE_OBJC_WEAK = YES;
				CLANG_WARN_BLOCK_CAPTURE_AUTORELEASING = YES;
				CLANG_WARN_BOOL_CONVERSION = YES;
				CLANG_WARN_COMMA = YES;
				CLANG_WARN_CONSTANT_CONVERSION = YES;
				CLANG_WARN_DEPRECATED_OBJC_IMPLEMENTATIONS = YES;
				CLANG_WARN_DIRECT_OBJC_ISA_USAGE = YES_ERROR;
				CLANG_WARN_DOCUMENTATION_COMMENTS = YES;
				CLANG_WARN_EMPTY_BODY = YES;
				CLANG_WARN_ENUM_CONVERSION = YES;
				CLANG_WARN_INFINITE_RECURSION = YES;
				CLANG_WARN_INT_CONVERSION = YES;
				CLANG_WARN_NON_LITERAL_NULL_CONVERSION = YES;
				CLANG_WARN_OBJC_IMPLICIT_RETAIN_SELF = YES;
				CLANG_WARN_OBJC_LITERAL_CONVERSION = YES;
				CLANG_WARN_OBJC_ROOT_CLASS = YES_ERROR;
				CLANG_WARN_QUOTED_INCLUDE_IN_FRAMEWORK_HEADER = YES;
				CLANG_WARN_RANGE_LOOP_ANALYSIS = YES;
				CLANG_WARN_STRICT_PROTOTYPES = YES;
				CLANG_WARN_SUSPICIOUS_MOVE = YES;
				CLANG_WARN_UNGUARDED_AVAILABILITY = YES_AGGRESSIVE;
				CLANG_WARN_UNREACHABLE_CODE = YES;
				CLANG_WARN__DUPLICATE_METHOD_MATCH = YES;
				COPY_PHASE_STRIP = NO;
				DEBUG_INFORMATION_FORMAT = dwarf;
				ENABLE_STRICT_OBJC_MSGSEND = YES;
				ENABLE_TESTABILITY = YES;
				GCC_C_LANGUAGE_STANDARD = gnu11;
				GCC_DYNAMIC_NO_PIC = NO;
				GCC_NO_COMMON_BLOCKS = YES;
				GCC_OPTIMIZATION_LEVEL = 0;
				GCC_PREPROCESSOR_DEFINITIONS = (
					"DEBUG=1",
					"$(inherited)",
				);
				GCC_WARN_64_TO_32_BIT_CONVERSION = YES;
				GCC_WARN_ABOUT_RETURN_TYPE = YES_ERROR;
				GCC_WARN_UNDECLARED_SELECTOR = YES;
				GCC_WARN_UNINITIALIZED_AUTOS = YES_AGGRESSIVE;
				GCC_WARN_UNUSED_FUNCTION = YES;
				GCC_WARN_UNUSED_VARIABLE = YES;
				IPHONEOS_DEPLOYMENT_TARGET = 16.4;
				MTL_ENABLE_DEBUG_INFO = INCLUDE_SOURCE;
				MTL_FAST_MATH = YES;
				ONLY_ACTIVE_ARCH = YES;
				SDKROOT = iphoneos;
				SWIFT_ACTIVE_COMPILATION_CONDITIONS = DEBUG;
				SWIFT_OPTIMIZATION_LEVEL = "-Onone";
			};
			name = Debug;
		};
		718818BB2A0C644400122885 /* Release */ = {
			isa = XCBuildConfiguration;
			buildSettings = {
				ALWAYS_SEARCH_USER_PATHS = NO;
				CLANG_ANALYZER_NONNULL = YES;
				CLANG_ANALYZER_NUMBER_OBJECT_CONVERSION = YES_AGGRESSIVE;
				CLANG_CXX_LANGUAGE_STANDARD = "gnu++20";
				CLANG_ENABLE_MODULES = YES;
				CLANG_ENABLE_OBJC_ARC = YES;
				CLANG_ENABLE_OBJC_WEAK = YES;
				CLANG_WARN_BLOCK_CAPTURE_AUTORELEASING = YES;
				CLANG_WARN_BOOL_CONVERSION = YES;
				CLANG_WARN_COMMA = YES;
				CLANG_WARN_CONSTANT_CONVERSION = YES;
				CLANG_WARN_DEPRECATED_OBJC_IMPLEMENTATIONS = YES;
				CLANG_WARN_DIRECT_OBJC_ISA_USAGE = YES_ERROR;
				CLANG_WARN_DOCUMENTATION_COMMENTS = YES;
				CLANG_WARN_EMPTY_BODY = YES;
				CLANG_WARN_ENUM_CONVERSION = YES;
				CLANG_WARN_INFINITE_RECURSION = YES;
				CLANG_WARN_INT_CONVERSION = YES;
				CLANG_WARN_NON_LITERAL_NULL_CONVERSION = YES;
				CLANG_WARN_OBJC_IMPLICIT_RETAIN_SELF = YES;
				CLANG_WARN_OBJC_LITERAL_CONVERSION = YES;
				CLANG_WARN_OBJC_ROOT_CLASS = YES_ERROR;
				CLANG_WARN_QUOTED_INCLUDE_IN_FRAMEWORK_HEADER = YES;
				CLANG_WARN_RANGE_LOOP_ANALYSIS = YES;
				CLANG_WARN_STRICT_PROTOTYPES = YES;
				CLANG_WARN_SUSPICIOUS_MOVE = YES;
				CLANG_WARN_UNGUARDED_AVAILABILITY = YES_AGGRESSIVE;
				CLANG_WARN_UNREACHABLE_CODE = YES;
				CLANG_WARN__DUPLICATE_METHOD_MATCH = YES;
				COPY_PHASE_STRIP = NO;
				DEBUG_INFORMATION_FORMAT = "dwarf-with-dsym";
				ENABLE_NS_ASSERTIONS = NO;
				ENABLE_STRICT_OBJC_MSGSEND = YES;
				GCC_C_LANGUAGE_STANDARD = gnu11;
				GCC_NO_COMMON_BLOCKS = YES;
				GCC_WARN_64_TO_32_BIT_CONVERSION = YES;
				GCC_WARN_ABOUT_RETURN_TYPE = YES_ERROR;
				GCC_WARN_UNDECLARED_SELECTOR = YES;
				GCC_WARN_UNINITIALIZED_AUTOS = YES_AGGRESSIVE;
				GCC_WARN_UNUSED_FUNCTION = YES;
				GCC_WARN_UNUSED_VARIABLE = YES;
				IPHONEOS_DEPLOYMENT_TARGET = 16.4;
				MTL_ENABLE_DEBUG_INFO = NO;
				MTL_FAST_MATH = YES;
				SDKROOT = iphoneos;
				SWIFT_COMPILATION_MODE = wholemodule;
				SWIFT_OPTIMIZATION_LEVEL = "-O";
				VALIDATE_PRODUCT = YES;
			};
			name = Release;
		};
		718818BD2A0C644400122885 /* Debug */ = {
			isa = XCBuildConfiguration;
			baseConfigurationReference = CD2E5E3797DEB828A8C49BD6 /* Pods-IntelbrasProject.debug.xcconfig */;
			buildSettings = {
				ASSETCATALOG_COMPILER_APPICON_NAME = AppIcon;
				ASSETCATALOG_COMPILER_GLOBAL_ACCENT_COLOR_NAME = AccentColor;
				CODE_SIGN_STYLE = Automatic;
				CURRENT_PROJECT_VERSION = 1;
				DEVELOPMENT_TEAM = 95VSC357HD;
				GENERATE_INFOPLIST_FILE = YES;
				INFOPLIST_FILE = IntelbrasProject/Info.plist;
				INFOPLIST_KEY_UIApplicationSupportsIndirectInputEvents = YES;
				INFOPLIST_KEY_UILaunchStoryboardName = LaunchScreen;
				INFOPLIST_KEY_UIMainStoryboardFile = Main;
				INFOPLIST_KEY_UISupportedInterfaceOrientations_iPad = "UIInterfaceOrientationPortrait UIInterfaceOrientationPortraitUpsideDown UIInterfaceOrientationLandscapeLeft UIInterfaceOrientationLandscapeRight";
				INFOPLIST_KEY_UISupportedInterfaceOrientations_iPhone = "UIInterfaceOrientationPortrait UIInterfaceOrientationLandscapeLeft UIInterfaceOrientationLandscapeRight";
				LD_RUNPATH_SEARCH_PATHS = (
					"$(inherited)",
					"@executable_path/Frameworks",
				);
				MARKETING_VERSION = 1.0;
				PRODUCT_BUNDLE_IDENTIFIER = LearningSwiftUI.IntelbrasProject;
				PRODUCT_NAME = "$(TARGET_NAME)";
				SWIFT_EMIT_LOC_STRINGS = YES;
				SWIFT_VERSION = 5.0;
				TARGETED_DEVICE_FAMILY = "1,2";
			};
			name = Debug;
		};
		718818BE2A0C644400122885 /* Release */ = {
			isa = XCBuildConfiguration;
			baseConfigurationReference = 6EE86715FB834451E712EBA3 /* Pods-IntelbrasProject.release.xcconfig */;
			buildSettings = {
				ASSETCATALOG_COMPILER_APPICON_NAME = AppIcon;
				ASSETCATALOG_COMPILER_GLOBAL_ACCENT_COLOR_NAME = AccentColor;
				CODE_SIGN_STYLE = Automatic;
				CURRENT_PROJECT_VERSION = 1;
				DEVELOPMENT_TEAM = 95VSC357HD;
				GENERATE_INFOPLIST_FILE = YES;
				INFOPLIST_FILE = IntelbrasProject/Info.plist;
				INFOPLIST_KEY_UIApplicationSupportsIndirectInputEvents = YES;
				INFOPLIST_KEY_UILaunchStoryboardName = LaunchScreen;
				INFOPLIST_KEY_UIMainStoryboardFile = Main;
				INFOPLIST_KEY_UISupportedInterfaceOrientations_iPad = "UIInterfaceOrientationPortrait UIInterfaceOrientationPortraitUpsideDown UIInterfaceOrientationLandscapeLeft UIInterfaceOrientationLandscapeRight";
				INFOPLIST_KEY_UISupportedInterfaceOrientations_iPhone = "UIInterfaceOrientationPortrait UIInterfaceOrientationLandscapeLeft UIInterfaceOrientationLandscapeRight";
				LD_RUNPATH_SEARCH_PATHS = (
					"$(inherited)",
					"@executable_path/Frameworks",
				);
				MARKETING_VERSION = 1.0;
				PRODUCT_BUNDLE_IDENTIFIER = LearningSwiftUI.IntelbrasProject;
				PRODUCT_NAME = "$(TARGET_NAME)";
				SWIFT_EMIT_LOC_STRINGS = YES;
				SWIFT_VERSION = 5.0;
				TARGETED_DEVICE_FAMILY = "1,2";
			};
			name = Release;
		};
		71C21B582A12470C00F6EA6F /* Debug */ = {
			isa = XCBuildConfiguration;
			buildSettings = {
				BUNDLE_LOADER = "$(TEST_HOST)";
				CODE_SIGN_STYLE = Automatic;
				CURRENT_PROJECT_VERSION = 1;
				DEVELOPMENT_TEAM = 95VSC357HD;
				GENERATE_INFOPLIST_FILE = YES;
				MARKETING_VERSION = 1.0;
				PRODUCT_BUNDLE_IDENTIFIER = IntelbrasProject.IntelbrasProjectTests;
				PRODUCT_NAME = "$(TARGET_NAME)";
				SWIFT_EMIT_LOC_STRINGS = NO;
				SWIFT_VERSION = 5.0;
				TARGETED_DEVICE_FAMILY = "1,2";
				TEST_HOST = "$(BUILT_PRODUCTS_DIR)/IntelbrasProject.app/$(BUNDLE_EXECUTABLE_FOLDER_PATH)/IntelbrasProject";
			};
			name = Debug;
		};
		71C21B592A12470C00F6EA6F /* Release */ = {
			isa = XCBuildConfiguration;
			buildSettings = {
				BUNDLE_LOADER = "$(TEST_HOST)";
				CODE_SIGN_STYLE = Automatic;
				CURRENT_PROJECT_VERSION = 1;
				DEVELOPMENT_TEAM = 95VSC357HD;
				GENERATE_INFOPLIST_FILE = YES;
				MARKETING_VERSION = 1.0;
				PRODUCT_BUNDLE_IDENTIFIER = IntelbrasProject.IntelbrasProjectTests;
				PRODUCT_NAME = "$(TARGET_NAME)";
				SWIFT_EMIT_LOC_STRINGS = NO;
				SWIFT_VERSION = 5.0;
				TARGETED_DEVICE_FAMILY = "1,2";
				TEST_HOST = "$(BUILT_PRODUCTS_DIR)/IntelbrasProject.app/$(BUNDLE_EXECUTABLE_FOLDER_PATH)/IntelbrasProject";
			};
			name = Release;
		};
/* End XCBuildConfiguration section */

/* Begin XCConfigurationList section */
		718818A32A0C644300122885 /* Build configuration list for PBXProject "IntelbrasProject" */ = {
			isa = XCConfigurationList;
			buildConfigurations = (
				718818BA2A0C644400122885 /* Debug */,
				718818BB2A0C644400122885 /* Release */,
			);
			defaultConfigurationIsVisible = 0;
			defaultConfigurationName = Release;
		};
		718818BC2A0C644400122885 /* Build configuration list for PBXNativeTarget "IntelbrasProject" */ = {
			isa = XCConfigurationList;
			buildConfigurations = (
				718818BD2A0C644400122885 /* Debug */,
				718818BE2A0C644400122885 /* Release */,
			);
			defaultConfigurationIsVisible = 0;
			defaultConfigurationName = Release;
		};
		71C21B572A12470C00F6EA6F /* Build configuration list for PBXNativeTarget "IntelbrasProjectTests" */ = {
			isa = XCConfigurationList;
			buildConfigurations = (
				71C21B582A12470C00F6EA6F /* Debug */,
				71C21B592A12470C00F6EA6F /* Release */,
			);
			defaultConfigurationIsVisible = 0;
			defaultConfigurationName = Release;
		};
/* End XCConfigurationList section */
	};
	rootObject = 718818A02A0C644300122885 /* Project object */;
}
