// !$*UTF8*$!
{
	archiveVersion = 1;
	classes = {
	};
	objectVersion = 56;
	objects = {

/* Begin PBXBuildFile section */
		2FFEE02DDA475D1FCCFEC052 /* Pods_IntelbrasProject.framework in Frameworks */ = {isa = PBXBuildFile; fileRef = C58D0F0AB3D66F00CAC19F7C /* Pods_IntelbrasProject.framework */; };
		7151B8422A0C6C2D00686D35 /* Colors.swift in Sources */ = {isa = PBXBuildFile; fileRef = 7151B8412A0C6C2D00686D35 /* Colors.swift */; };
		7151B84A2A0DC61E00686D35 /* Constants.swift in Sources */ = {isa = PBXBuildFile; fileRef = 7151B8492A0DC61E00686D35 /* Constants.swift */; };
		7151B84C2A0DC8BE00686D35 /* AlarmCentral.swift in Sources */ = {isa = PBXBuildFile; fileRef = 7151B84B2A0DC8BE00686D35 /* AlarmCentral.swift */; };
		7151B84E2A0DC9BC00686D35 /* VideoDevice.swift in Sources */ = {isa = PBXBuildFile; fileRef = 7151B84D2A0DC9BC00686D35 /* VideoDevice.swift */; };
		7151B8502A0E495100686D35 /* Device.swift in Sources */ = {isa = PBXBuildFile; fileRef = 7151B84F2A0E495100686D35 /* Device.swift */; };
		718818AC2A0C644300122885 /* AppDelegate.swift in Sources */ = {isa = PBXBuildFile; fileRef = 718818AB2A0C644300122885 /* AppDelegate.swift */; };
		718818AE2A0C644300122885 /* SceneDelegate.swift in Sources */ = {isa = PBXBuildFile; fileRef = 718818AD2A0C644300122885 /* SceneDelegate.swift */; };
		718818B02A0C644300122885 /* ViewController.swift in Sources */ = {isa = PBXBuildFile; fileRef = 718818AF2A0C644300122885 /* ViewController.swift */; };
		718818B32A0C644300122885 /* Main.storyboard in Resources */ = {isa = PBXBuildFile; fileRef = 718818B12A0C644300122885 /* Main.storyboard */; };
		718818B52A0C644400122885 /* Assets.xcassets in Resources */ = {isa = PBXBuildFile; fileRef = 718818B42A0C644400122885 /* Assets.xcassets */; };
		718818B82A0C644400122885 /* LaunchScreen.storyboard in Resources */ = {isa = PBXBuildFile; fileRef = 718818B62A0C644400122885 /* LaunchScreen.storyboard */; };
		71CD3C692A0E722200EC20AF /* R.generated.swift in Sources */ = {isa = PBXBuildFile; fileRef = 71CD3C682A0E722200EC20AF /* R.generated.swift */; };
		71CD3C6B2A10065000EC20AF /* ViewModel.swift in Sources */ = {isa = PBXBuildFile; fileRef = 71CD3C6A2A10065000EC20AF /* ViewModel.swift */; };
		71CD3C6F2A10072B00EC20AF /* DeviceCell.swift in Sources */ = {isa = PBXBuildFile; fileRef = 71CD3C6D2A10072B00EC20AF /* DeviceCell.swift */; };
		71CD3C702A10072B00EC20AF /* DeviceCell.xib in Resources */ = {isa = PBXBuildFile; fileRef = 71CD3C6E2A10072B00EC20AF /* DeviceCell.xib */; };
		71CD3C742A10791300EC20AF /* ServicesProtocol.swift in Sources */ = {isa = PBXBuildFile; fileRef = 71CD3C732A10791300EC20AF /* ServicesProtocol.swift */; };
		71CD3C762A10793500EC20AF /* Services.swift in Sources */ = {isa = PBXBuildFile; fileRef = 71CD3C752A10793500EC20AF /* Services.swift */; };
		71CD3C782A107A3D00EC20AF /* NetworkFetcher.swift in Sources */ = {isa = PBXBuildFile; fileRef = 71CD3C772A107A3D00EC20AF /* NetworkFetcher.swift */; };
/* End PBXBuildFile section */

/* Begin PBXFileReference section */
		683AA2B75305403921168FDC /* Pods-IntelbrasProject.debug.xcconfig */ = {isa = PBXFileReference; includeInIndex = 1; lastKnownFileType = text.xcconfig; name = "Pods-IntelbrasProject.debug.xcconfig"; path = "Target Support Files/Pods-IntelbrasProject/Pods-IntelbrasProject.debug.xcconfig"; sourceTree = "<group>"; };
		7151B8412A0C6C2D00686D35 /* Colors.swift */ = {isa = PBXFileReference; fileEncoding = 4; lastKnownFileType = sourcecode.swift; path = Colors.swift; sourceTree = "<group>"; };
		7151B8492A0DC61E00686D35 /* Constants.swift */ = {isa = PBXFileReference; lastKnownFileType = sourcecode.swift; path = Constants.swift; sourceTree = "<group>"; };
		7151B84B2A0DC8BE00686D35 /* AlarmCentral.swift */ = {isa = PBXFileReference; lastKnownFileType = sourcecode.swift; path = AlarmCentral.swift; sourceTree = "<group>"; };
		7151B84D2A0DC9BC00686D35 /* VideoDevice.swift */ = {isa = PBXFileReference; lastKnownFileType = sourcecode.swift; path = VideoDevice.swift; sourceTree = "<group>"; };
		7151B84F2A0E495100686D35 /* Device.swift */ = {isa = PBXFileReference; lastKnownFileType = sourcecode.swift; path = Device.swift; sourceTree = "<group>"; };
		718818A82A0C644300122885 /* IntelbrasProject.app */ = {isa = PBXFileReference; explicitFileType = wrapper.application; includeInIndex = 0; path = IntelbrasProject.app; sourceTree = BUILT_PRODUCTS_DIR; };
		718818AB2A0C644300122885 /* AppDelegate.swift */ = {isa = PBXFileReference; lastKnownFileType = sourcecode.swift; path = AppDelegate.swift; sourceTree = "<group>"; };
		718818AD2A0C644300122885 /* SceneDelegate.swift */ = {isa = PBXFileReference; lastKnownFileType = sourcecode.swift; path = SceneDelegate.swift; sourceTree = "<group>"; };
		718818AF2A0C644300122885 /* ViewController.swift */ = {isa = PBXFileReference; lastKnownFileType = sourcecode.swift; path = ViewController.swift; sourceTree = "<group>"; };
		718818B22A0C644300122885 /* Base */ = {isa = PBXFileReference; lastKnownFileType = file.storyboard; name = Base; path = Base.lproj/Main.storyboard; sourceTree = "<group>"; };
		718818B42A0C644400122885 /* Assets.xcassets */ = {isa = PBXFileReference; lastKnownFileType = folder.assetcatalog; path = Assets.xcassets; sourceTree = "<group>"; };
		718818B72A0C644400122885 /* Base */ = {isa = PBXFileReference; lastKnownFileType = file.storyboard; name = Base; path = Base.lproj/LaunchScreen.storyboard; sourceTree = "<group>"; };
		718818B92A0C644400122885 /* Info.plist */ = {isa = PBXFileReference; lastKnownFileType = text.plist.xml; path = Info.plist; sourceTree = "<group>"; };
		71CD3C682A0E722200EC20AF /* R.generated.swift */ = {isa = PBXFileReference; fileEncoding = 4; lastKnownFileType = sourcecode.swift; path = R.generated.swift; sourceTree = "<group>"; };
		71CD3C6A2A10065000EC20AF /* ViewModel.swift */ = {isa = PBXFileReference; lastKnownFileType = sourcecode.swift; path = ViewModel.swift; sourceTree = "<group>"; };
		71CD3C6D2A10072B00EC20AF /* DeviceCell.swift */ = {isa = PBXFileReference; lastKnownFileType = sourcecode.swift; path = DeviceCell.swift; sourceTree = "<group>"; };
		71CD3C6E2A10072B00EC20AF /* DeviceCell.xib */ = {isa = PBXFileReference; lastKnownFileType = file.xib; path = DeviceCell.xib; sourceTree = "<group>"; };
		71CD3C732A10791300EC20AF /* ServicesProtocol.swift */ = {isa = PBXFileReference; lastKnownFileType = sourcecode.swift; path = ServicesProtocol.swift; sourceTree = "<group>"; };
		71CD3C752A10793500EC20AF /* Services.swift */ = {isa = PBXFileReference; lastKnownFileType = sourcecode.swift; path = Services.swift; sourceTree = "<group>"; };
		71CD3C772A107A3D00EC20AF /* NetworkFetcher.swift */ = {isa = PBXFileReference; lastKnownFileType = sourcecode.swift; path = NetworkFetcher.swift; sourceTree = "<group>"; };
		7443C39FE9FB08A725F6B817 /* Pods-IntelbrasProject.release.xcconfig */ = {isa = PBXFileReference; includeInIndex = 1; lastKnownFileType = text.xcconfig; name = "Pods-IntelbrasProject.release.xcconfig"; path = "Target Support Files/Pods-IntelbrasProject/Pods-IntelbrasProject.release.xcconfig"; sourceTree = "<group>"; };
		C58D0F0AB3D66F00CAC19F7C /* Pods_IntelbrasProject.framework */ = {isa = PBXFileReference; explicitFileType = wrapper.framework; includeInIndex = 0; path = Pods_IntelbrasProject.framework; sourceTree = BUILT_PRODUCTS_DIR; };
/* End PBXFileReference section */

/* Begin PBXFrameworksBuildPhase section */
		718818A52A0C644300122885 /* Frameworks */ = {
			isa = PBXFrameworksBuildPhase;
			buildActionMask = 2147483647;
			files = (
				2FFEE02DDA475D1FCCFEC052 /* Pods_IntelbrasProject.framework in Frameworks */,
			);
			runOnlyForDeploymentPostprocessing = 0;
		};
/* End PBXFrameworksBuildPhase section */

/* Begin PBXGroup section */
		2DD3FE6BED8D2547B06BBB3D /* Pods */ = {
			isa = PBXGroup;
			children = (
				683AA2B75305403921168FDC /* Pods-IntelbrasProject.debug.xcconfig */,
				7443C39FE9FB08A725F6B817 /* Pods-IntelbrasProject.release.xcconfig */,
			);
			path = Pods;
			sourceTree = "<group>";
		};
		4AE6EB24A6957BE52C6907AF /* Frameworks */ = {
			isa = PBXGroup;
			children = (
				C58D0F0AB3D66F00CAC19F7C /* Pods_IntelbrasProject.framework */,
			);
			name = Frameworks;
			sourceTree = "<group>";
		};
		7151B8402A0C6C2D00686D35 /* Utils */ = {
			isa = PBXGroup;
			children = (
				71CD3C682A0E722200EC20AF /* R.generated.swift */,
				7151B8412A0C6C2D00686D35 /* Colors.swift */,
				7151B8492A0DC61E00686D35 /* Constants.swift */,
			);
			path = Utils;
			sourceTree = "<group>";
		};
		7151B8432A0DC52200686D35 /* API */ = {
			isa = PBXGroup;
			children = (
				71CD3C732A10791300EC20AF /* ServicesProtocol.swift */,
				71CD3C752A10793500EC20AF /* Services.swift */,
				71CD3C772A107A3D00EC20AF /* NetworkFetcher.swift */,
			);
			path = API;
			sourceTree = "<group>";
		};
		7151B8442A0DC53E00686D35 /* ViewModels */ = {
			isa = PBXGroup;
			children = (
				71CD3C6A2A10065000EC20AF /* ViewModel.swift */,
			);
			path = ViewModels;
			sourceTree = "<group>";
		};
		7151B8452A0DC54F00686D35 /* ViewControllers */ = {
			isa = PBXGroup;
			children = (
				718818AF2A0C644300122885 /* ViewController.swift */,
			);
			path = ViewControllers;
			sourceTree = "<group>";
		};
		7151B8462A0DC55E00686D35 /* Shared */ = {
			isa = PBXGroup;
			children = (
				718818B42A0C644400122885 /* Assets.xcassets */,
				718818B62A0C644400122885 /* LaunchScreen.storyboard */,
				718818AB2A0C644300122885 /* AppDelegate.swift */,
				718818AD2A0C644300122885 /* SceneDelegate.swift */,
			);
			path = Shared;
			sourceTree = "<group>";
		};
		7151B8472A0DC59D00686D35 /* Models */ = {
			isa = PBXGroup;
			children = (
				7151B84B2A0DC8BE00686D35 /* AlarmCentral.swift */,
				7151B84D2A0DC9BC00686D35 /* VideoDevice.swift */,
				7151B84F2A0E495100686D35 /* Device.swift */,
			);
			path = Models;
			sourceTree = "<group>";
		};
		7151B8482A0DC5BB00686D35 /* Views */ = {
			isa = PBXGroup;
			children = (
				718818B12A0C644300122885 /* Main.storyboard */,
			);
			path = Views;
			sourceTree = "<group>";
		};
		7188189F2A0C644300122885 = {
			isa = PBXGroup;
			children = (
				718818AA2A0C644300122885 /* IntelbrasProject */,
				718818A92A0C644300122885 /* Products */,
				2DD3FE6BED8D2547B06BBB3D /* Pods */,
				4AE6EB24A6957BE52C6907AF /* Frameworks */,
			);
			sourceTree = "<group>";
		};
		718818A92A0C644300122885 /* Products */ = {
			isa = PBXGroup;
			children = (
				718818A82A0C644300122885 /* IntelbrasProject.app */,
			);
			name = Products;
			sourceTree = "<group>";
		};
		718818AA2A0C644300122885 /* IntelbrasProject */ = {
			isa = PBXGroup;
			children = (
				7151B8432A0DC52200686D35 /* API */,
				7151B8472A0DC59D00686D35 /* Models */,
				7151B8482A0DC5BB00686D35 /* Views */,
				71CD3C6C2A1006EC00EC20AF /* Components */,
				7151B8442A0DC53E00686D35 /* ViewModels */,
				7151B8452A0DC54F00686D35 /* ViewControllers */,
				7151B8462A0DC55E00686D35 /* Shared */,
				7151B8402A0C6C2D00686D35 /* Utils */,
				718818B92A0C644400122885 /* Info.plist */,
			);
			path = IntelbrasProject;
			sourceTree = "<group>";
		};
		71CD3C6C2A1006EC00EC20AF /* Components */ = {
			isa = PBXGroup;
			children = (
				71CD3C6D2A10072B00EC20AF /* DeviceCell.swift */,
				71CD3C6E2A10072B00EC20AF /* DeviceCell.xib */,
			);
			path = Components;
			sourceTree = "<group>";
		};
/* End PBXGroup section */

/* Begin PBXNativeTarget section */
		718818A72A0C644300122885 /* IntelbrasProject */ = {
			isa = PBXNativeTarget;
			buildConfigurationList = 718818BC2A0C644400122885 /* Build configuration list for PBXNativeTarget "IntelbrasProject" */;
			buildPhases = (
				66817040E863B936382D8555 /* [CP] Check Pods Manifest.lock */,
				71178E6A2A0E6FC8006D9907 /* ShellScript */,
				718818A42A0C644300122885 /* Sources */,
				718818A52A0C644300122885 /* Frameworks */,
				718818A62A0C644300122885 /* Resources */,
				DC811037707A169582C92E50 /* [CP] Embed Pods Frameworks */,
			);
			buildRules = (
			);
			dependencies = (
			);
			name = IntelbrasProject;
			productName = IntelbrasProject;
			productReference = 718818A82A0C644300122885 /* IntelbrasProject.app */;
			productType = "com.apple.product-type.application";
		};
/* End PBXNativeTarget section */

/* Begin PBXProject section */
		718818A02A0C644300122885 /* Project object */ = {
			isa = PBXProject;
			attributes = {
				BuildIndependentTargetsInParallel = 1;
				LastSwiftUpdateCheck = 1430;
				LastUpgradeCheck = 1430;
				TargetAttributes = {
					718818A72A0C644300122885 = {
						CreatedOnToolsVersion = 14.3;
					};
				};
			};
			buildConfigurationList = 718818A32A0C644300122885 /* Build configuration list for PBXProject "IntelbrasProject" */;
			compatibilityVersion = "Xcode 14.0";
			developmentRegion = en;
			hasScannedForEncodings = 0;
			knownRegions = (
				en,
				Base,
			);
			mainGroup = 7188189F2A0C644300122885;
			productRefGroup = 718818A92A0C644300122885 /* Products */;
			projectDirPath = "";
			projectRoot = "";
			targets = (
				718818A72A0C644300122885 /* IntelbrasProject */,
			);
		};
/* End PBXProject section */

/* Begin PBXResourcesBuildPhase section */
		718818A62A0C644300122885 /* Resources */ = {
			isa = PBXResourcesBuildPhase;
			buildActionMask = 2147483647;
			files = (
				718818B82A0C644400122885 /* LaunchScreen.storyboard in Resources */,
				718818B52A0C644400122885 /* Assets.xcassets in Resources */,
				718818B32A0C644300122885 /* Main.storyboard in Resources */,
				71CD3C702A10072B00EC20AF /* DeviceCell.xib in Resources */,
			);
			runOnlyForDeploymentPostprocessing = 0;
		};
/* End PBXResourcesBuildPhase section */

/* Begin PBXShellScriptBuildPhase section */
		66817040E863B936382D8555 /* [CP] Check Pods Manifest.lock */ = {
			isa = PBXShellScriptBuildPhase;
			buildActionMask = 2147483647;
			files = (
			);
			inputFileListPaths = (
			);
			inputPaths = (
				"${PODS_PODFILE_DIR_PATH}/Podfile.lock",
				"${PODS_ROOT}/Manifest.lock",
			);
			name = "[CP] Check Pods Manifest.lock";
			outputFileListPaths = (
			);
			outputPaths = (
				"$(DERIVED_FILE_DIR)/Pods-IntelbrasProject-checkManifestLockResult.txt",
			);
			runOnlyForDeploymentPostprocessing = 0;
			shellPath = /bin/sh;
			shellScript = "diff \"${PODS_PODFILE_DIR_PATH}/Podfile.lock\" \"${PODS_ROOT}/Manifest.lock\" > /dev/null\nif [ $? != 0 ] ; then\n    # print error to STDERR\n    echo \"error: The sandbox is not in sync with the Podfile.lock. Run 'pod install' or update your CocoaPods installation.\" >&2\n    exit 1\nfi\n# This output is used by Xcode 'outputs' to avoid re-running this script phase.\necho \"SUCCESS\" > \"${SCRIPT_OUTPUT_FILE_0}\"\n";
			showEnvVarsInLog = 0;
		};
		71178E6A2A0E6FC8006D9907 /* ShellScript */ = {
			isa = PBXShellScriptBuildPhase;
			alwaysOutOfDate = 1;
			buildActionMask = 2147483647;
			files = (
			);
			inputFileListPaths = (
			);
			inputPaths = (
			);
			outputFileListPaths = (
			);
			outputPaths = (
				$SRCROOT/R.generated.swift,
			);
			runOnlyForDeploymentPostprocessing = 0;
			shellPath = /bin/sh;
			shellScript = "\"$PODS_ROOT/R.swift/rswift\" generate \"$SRCROOT/R.generated.swift\"\n";
		};
		DC811037707A169582C92E50 /* [CP] Embed Pods Frameworks */ = {
			isa = PBXShellScriptBuildPhase;
			buildActionMask = 2147483647;
			files = (
			);
			inputFileListPaths = (
				"${PODS_ROOT}/Target Support Files/Pods-IntelbrasProject/Pods-IntelbrasProject-frameworks-${CONFIGURATION}-input-files.xcfilelist",
			);
			name = "[CP] Embed Pods Frameworks";
			outputFileListPaths = (
				"${PODS_ROOT}/Target Support Files/Pods-IntelbrasProject/Pods-IntelbrasProject-frameworks-${CONFIGURATION}-output-files.xcfilelist",
			);
			runOnlyForDeploymentPostprocessing = 0;
			shellPath = /bin/sh;
			shellScript = "\"${PODS_ROOT}/Target Support Files/Pods-IntelbrasProject/Pods-IntelbrasProject-frameworks.sh\"\n";
			showEnvVarsInLog = 0;
		};
/* End PBXShellScriptBuildPhase section */

/* Begin PBXSourcesBuildPhase section */
		718818A42A0C644300122885 /* Sources */ = {
			isa = PBXSourcesBuildPhase;
			buildActionMask = 2147483647;
			files = (
				71CD3C6B2A10065000EC20AF /* ViewModel.swift in Sources */,
				7151B84E2A0DC9BC00686D35 /* VideoDevice.swift in Sources */,
				7151B84A2A0DC61E00686D35 /* Constants.swift in Sources */,
				71CD3C762A10793500EC20AF /* Services.swift in Sources */,
				71CD3C692A0E722200EC20AF /* R.generated.swift in Sources */,
				718818B02A0C644300122885 /* ViewController.swift in Sources */,
				7151B8422A0C6C2D00686D35 /* Colors.swift in Sources */,
				71CD3C782A107A3D00EC20AF /* NetworkFetcher.swift in Sources */,
				718818AC2A0C644300122885 /* AppDelegate.swift in Sources */,
				718818AE2A0C644300122885 /* SceneDelegate.swift in Sources */,
				71CD3C6F2A10072B00EC20AF /* DeviceCell.swift in Sources */,
				7151B84C2A0DC8BE00686D35 /* AlarmCentral.swift in Sources */,
				7151B8502A0E495100686D35 /* Device.swift in Sources */,
				71CD3C742A10791300EC20AF /* ServicesProtocol.swift in Sources */,
			);
			runOnlyForDeploymentPostprocessing = 0;
		};
/* End PBXSourcesBuildPhase section */

/* Begin PBXVariantGroup section */
		718818B12A0C644300122885 /* Main.storyboard */ = {
			isa = PBXVariantGroup;
			children = (
				718818B22A0C644300122885 /* Base */,
			);
			name = Main.storyboard;
			sourceTree = "<group>";
		};
		718818B62A0C644400122885 /* LaunchScreen.storyboard */ = {
			isa = PBXVariantGroup;
			children = (
				718818B72A0C644400122885 /* Base */,
			);
			name = LaunchScreen.storyboard;
			sourceTree = "<group>";
		};
/* End PBXVariantGroup section */

/* Begin XCBuildConfiguration section */
		718818BA2A0C644400122885 /* Debug */ = {
			isa = XCBuildConfiguration;
			buildSettings = {
				ALWAYS_SEARCH_USER_PATHS = NO;
				CLANG_ANALYZER_NONNULL = YES;
				CLANG_ANALYZER_NUMBER_OBJECT_CONVERSION = YES_AGGRESSIVE;
				CLANG_CXX_LANGUAGE_STANDARD = "gnu++20";
				CLANG_ENABLE_MODULES = YES;
				CLANG_ENABLE_OBJC_ARC = YES;
				CLANG_ENABLE_OBJC_WEAK = YES;
				CLANG_WARN_BLOCK_CAPTURE_AUTORELEASING = YES;
				CLANG_WARN_BOOL_CONVERSION = YES;
				CLANG_WARN_COMMA = YES;
				CLANG_WARN_CONSTANT_CONVERSION = YES;
				CLANG_WARN_DEPRECATED_OBJC_IMPLEMENTATIONS = YES;
				CLANG_WARN_DIRECT_OBJC_ISA_USAGE = YES_ERROR;
				CLANG_WARN_DOCUMENTATION_COMMENTS = YES;
				CLANG_WARN_EMPTY_BODY = YES;
				CLANG_WARN_ENUM_CONVERSION = YES;
				CLANG_WARN_INFINITE_RECURSION = YES;
				CLANG_WARN_INT_CONVERSION = YES;
				CLANG_WARN_NON_LITERAL_NULL_CONVERSION = YES;
				CLANG_WARN_OBJC_IMPLICIT_RETAIN_SELF = YES;
				CLANG_WARN_OBJC_LITERAL_CONVERSION = YES;
				CLANG_WARN_OBJC_ROOT_CLASS = YES_ERROR;
				CLANG_WARN_QUOTED_INCLUDE_IN_FRAMEWORK_HEADER = YES;
				CLANG_WARN_RANGE_LOOP_ANALYSIS = YES;
				CLANG_WARN_STRICT_PROTOTYPES = YES;
				CLANG_WARN_SUSPICIOUS_MOVE = YES;
				CLANG_WARN_UNGUARDED_AVAILABILITY = YES_AGGRESSIVE;
				CLANG_WARN_UNREACHABLE_CODE = YES;
				CLANG_WARN__DUPLICATE_METHOD_MATCH = YES;
				COPY_PHASE_STRIP = NO;
				DEBUG_INFORMATION_FORMAT = dwarf;
				ENABLE_STRICT_OBJC_MSGSEND = YES;
				ENABLE_TESTABILITY = YES;
				GCC_C_LANGUAGE_STANDARD = gnu11;
				GCC_DYNAMIC_NO_PIC = NO;
				GCC_NO_COMMON_BLOCKS = YES;
				GCC_OPTIMIZATION_LEVEL = 0;
				GCC_PREPROCESSOR_DEFINITIONS = (
					"DEBUG=1",
					"$(inherited)",
				);
				GCC_WARN_64_TO_32_BIT_CONVERSION = YES;
				GCC_WARN_ABOUT_RETURN_TYPE = YES_ERROR;
				GCC_WARN_UNDECLARED_SELECTOR = YES;
				GCC_WARN_UNINITIALIZED_AUTOS = YES_AGGRESSIVE;
				GCC_WARN_UNUSED_FUNCTION = YES;
				GCC_WARN_UNUSED_VARIABLE = YES;
				IPHONEOS_DEPLOYMENT_TARGET = 16.4;
				MTL_ENABLE_DEBUG_INFO = INCLUDE_SOURCE;
				MTL_FAST_MATH = YES;
				ONLY_ACTIVE_ARCH = YES;
				SDKROOT = iphoneos;
				SWIFT_ACTIVE_COMPILATION_CONDITIONS = DEBUG;
				SWIFT_OPTIMIZATION_LEVEL = "-Onone";
			};
			name = Debug;
		};
		718818BB2A0C644400122885 /* Release */ = {
			isa = XCBuildConfiguration;
			buildSettings = {
				ALWAYS_SEARCH_USER_PATHS = NO;
				CLANG_ANALYZER_NONNULL = YES;
				CLANG_ANALYZER_NUMBER_OBJECT_CONVERSION = YES_AGGRESSIVE;
				CLANG_CXX_LANGUAGE_STANDARD = "gnu++20";
				CLANG_ENABLE_MODULES = YES;
				CLANG_ENABLE_OBJC_ARC = YES;
				CLANG_ENABLE_OBJC_WEAK = YES;
				CLANG_WARN_BLOCK_CAPTURE_AUTORELEASING = YES;
				CLANG_WARN_BOOL_CONVERSION = YES;
				CLANG_WARN_COMMA = YES;
				CLANG_WARN_CONSTANT_CONVERSION = YES;
				CLANG_WARN_DEPRECATED_OBJC_IMPLEMENTATIONS = YES;
				CLANG_WARN_DIRECT_OBJC_ISA_USAGE = YES_ERROR;
				CLANG_WARN_DOCUMENTATION_COMMENTS = YES;
				CLANG_WARN_EMPTY_BODY = YES;
				CLANG_WARN_ENUM_CONVERSION = YES;
				CLANG_WARN_INFINITE_RECURSION = YES;
				CLANG_WARN_INT_CONVERSION = YES;
				CLANG_WARN_NON_LITERAL_NULL_CONVERSION = YES;
				CLANG_WARN_OBJC_IMPLICIT_RETAIN_SELF = YES;
				CLANG_WARN_OBJC_LITERAL_CONVERSION = YES;
				CLANG_WARN_OBJC_ROOT_CLASS = YES_ERROR;
				CLANG_WARN_QUOTED_INCLUDE_IN_FRAMEWORK_HEADER = YES;
				CLANG_WARN_RANGE_LOOP_ANALYSIS = YES;
				CLANG_WARN_STRICT_PROTOTYPES = YES;
				CLANG_WARN_SUSPICIOUS_MOVE = YES;
				CLANG_WARN_UNGUARDED_AVAILABILITY = YES_AGGRESSIVE;
				CLANG_WARN_UNREACHABLE_CODE = YES;
				CLANG_WARN__DUPLICATE_METHOD_MATCH = YES;
				COPY_PHASE_STRIP = NO;
				DEBUG_INFORMATION_FORMAT = "dwarf-with-dsym";
				ENABLE_NS_ASSERTIONS = NO;
				ENABLE_STRICT_OBJC_MSGSEND = YES;
				GCC_C_LANGUAGE_STANDARD = gnu11;
				GCC_NO_COMMON_BLOCKS = YES;
				GCC_WARN_64_TO_32_BIT_CONVERSION = YES;
				GCC_WARN_ABOUT_RETURN_TYPE = YES_ERROR;
				GCC_WARN_UNDECLARED_SELECTOR = YES;
				GCC_WARN_UNINITIALIZED_AUTOS = YES_AGGRESSIVE;
				GCC_WARN_UNUSED_FUNCTION = YES;
				GCC_WARN_UNUSED_VARIABLE = YES;
				IPHONEOS_DEPLOYMENT_TARGET = 16.4;
				MTL_ENABLE_DEBUG_INFO = NO;
				MTL_FAST_MATH = YES;
				SDKROOT = iphoneos;
				SWIFT_COMPILATION_MODE = wholemodule;
				SWIFT_OPTIMIZATION_LEVEL = "-O";
				VALIDATE_PRODUCT = YES;
			};
			name = Release;
		};
		718818BD2A0C644400122885 /* Debug */ = {
			isa = XCBuildConfiguration;
			baseConfigurationReference = 683AA2B75305403921168FDC /* Pods-IntelbrasProject.debug.xcconfig */;
			buildSettings = {
				ASSETCATALOG_COMPILER_APPICON_NAME = AppIcon;
				ASSETCATALOG_COMPILER_GLOBAL_ACCENT_COLOR_NAME = AccentColor;
				CODE_SIGN_STYLE = Automatic;
				CURRENT_PROJECT_VERSION = 1;
				DEVELOPMENT_TEAM = 95VSC357HD;
				GENERATE_INFOPLIST_FILE = YES;
				INFOPLIST_FILE = IntelbrasProject/Info.plist;
				INFOPLIST_KEY_UIApplicationSupportsIndirectInputEvents = YES;
				INFOPLIST_KEY_UILaunchStoryboardName = LaunchScreen;
				INFOPLIST_KEY_UIMainStoryboardFile = Main;
				INFOPLIST_KEY_UISupportedInterfaceOrientations_iPad = "UIInterfaceOrientationPortrait UIInterfaceOrientationPortraitUpsideDown UIInterfaceOrientationLandscapeLeft UIInterfaceOrientationLandscapeRight";
				INFOPLIST_KEY_UISupportedInterfaceOrientations_iPhone = "UIInterfaceOrientationPortrait UIInterfaceOrientationLandscapeLeft UIInterfaceOrientationLandscapeRight";
				LD_RUNPATH_SEARCH_PATHS = (
					"$(inherited)",
					"@executable_path/Frameworks",
				);
				MARKETING_VERSION = 1.0;
				PRODUCT_BUNDLE_IDENTIFIER = LearningSwiftUI.IntelbrasProject;
				PRODUCT_NAME = "$(TARGET_NAME)";
				SWIFT_EMIT_LOC_STRINGS = YES;
				SWIFT_VERSION = 5.0;
				TARGETED_DEVICE_FAMILY = "1,2";
			};
			name = Debug;
		};
		718818BE2A0C644400122885 /* Release */ = {
			isa = XCBuildConfiguration;
			baseConfigurationReference = 7443C39FE9FB08A725F6B817 /* Pods-IntelbrasProject.release.xcconfig */;
			buildSettings = {
				ASSETCATALOG_COMPILER_APPICON_NAME = AppIcon;
				ASSETCATALOG_COMPILER_GLOBAL_ACCENT_COLOR_NAME = AccentColor;
				CODE_SIGN_STYLE = Automatic;
				CURRENT_PROJECT_VERSION = 1;
				DEVELOPMENT_TEAM = 95VSC357HD;
				GENERATE_INFOPLIST_FILE = YES;
				INFOPLIST_FILE = IntelbrasProject/Info.plist;
				INFOPLIST_KEY_UIApplicationSupportsIndirectInputEvents = YES;
				INFOPLIST_KEY_UILaunchStoryboardName = LaunchScreen;
				INFOPLIST_KEY_UIMainStoryboardFile = Main;
				INFOPLIST_KEY_UISupportedInterfaceOrientations_iPad = "UIInterfaceOrientationPortrait UIInterfaceOrientationPortraitUpsideDown UIInterfaceOrientationLandscapeLeft UIInterfaceOrientationLandscapeRight";
				INFOPLIST_KEY_UISupportedInterfaceOrientations_iPhone = "UIInterfaceOrientationPortrait UIInterfaceOrientationLandscapeLeft UIInterfaceOrientationLandscapeRight";
				LD_RUNPATH_SEARCH_PATHS = (
					"$(inherited)",
					"@executable_path/Frameworks",
				);
				MARKETING_VERSION = 1.0;
				PRODUCT_BUNDLE_IDENTIFIER = LearningSwiftUI.IntelbrasProject;
				PRODUCT_NAME = "$(TARGET_NAME)";
				SWIFT_EMIT_LOC_STRINGS = YES;
				SWIFT_VERSION = 5.0;
				TARGETED_DEVICE_FAMILY = "1,2";
			};
			name = Release;
		};
/* End XCBuildConfiguration section */

/* Begin XCConfigurationList section */
		718818A32A0C644300122885 /* Build configuration list for PBXProject "IntelbrasProject" */ = {
			isa = XCConfigurationList;
			buildConfigurations = (
				718818BA2A0C644400122885 /* Debug */,
				718818BB2A0C644400122885 /* Release */,
			);
			defaultConfigurationIsVisible = 0;
			defaultConfigurationName = Release;
		};
		718818BC2A0C644400122885 /* Build configuration list for PBXNativeTarget "IntelbrasProject" */ = {
			isa = XCConfigurationList;
			buildConfigurations = (
				718818BD2A0C644400122885 /* Debug */,
				718818BE2A0C644400122885 /* Release */,
			);
			defaultConfigurationIsVisible = 0;
			defaultConfigurationName = Release;
		};
/* End XCConfigurationList section */
	};
	rootObject = 718818A02A0C644300122885 /* Project object */;
}
